
Microsoft Visual Studio Solution File, Format Version 12.00
# Visual Studio 15
VisualStudioVersion = 15.0.28307.902
MinimumVisualStudioVersion = 10.0.40219.1
Project("{FAE04EC0-301F-11D3-BF4B-00C04F79EFBC}") = "SoftwareRegister", "SoftwareRegister\SoftwareRegister.csproj", "{706B1F9D-23A0-4B86-9069-A22E6B407D1C}"
EndProject
Project("{54435603-DBB4-11D2-8724-00A0C9A8B90C}") = "航科院软件注册机v1.0", "航科院软件注册机v1.0\航科院软件注册机v1.0.vdproj", "{B9D4BFA6-2362-4C29-A1C9-8357CE95B704}"
EndProject
Global
	GlobalSection(SolutionConfigurationPlatforms) = preSolution
		Debug|Any CPU = Debug|Any CPU
		Release|Any CPU = Release|Any CPU
	EndGlobalSection
	GlobalSection(ProjectConfigurationPlatforms) = postSolution
		{706B1F9D-23A0-4B86-9069-A22E6B407D1C}.Debug|Any CPU.ActiveCfg = Debug|Any CPU
		{706B1F9D-23A0-4B86-9069-A22E6B407D1C}.Debug|Any CPU.Build.0 = Debug|Any CPU
		{706B1F9D-23A0-4B86-9069-A22E6B407D1C}.Release|Any CPU.ActiveCfg = Release|Any CPU
		{706B1F9D-23A0-4B86-9069-A22E6B407D1C}.Release|Any CPU.Build.0 = Release|Any CPU
		{B9D4BFA6-2362-4C29-A1C9-8357CE95B704}.Debug|Any CPU.ActiveCfg = Debug
		{B9D4BFA6-2362-4C29-A1C9-8357CE95B704}.Release|Any CPU.ActiveCfg = Release
	EndGlobalSection
	GlobalSection(SolutionProperties) = preSolution
		HideSolutionNode = FALSE
	EndGlobalSection
	GlobalSection(ExtensibilityGlobals) = postSolution
		SolutionGuid = {85FBDB2F-94A0-4EF4-8E8D-79A26D7C8835}
	EndGlobalSection
EndGlobal
